{
  "version": "5",
  "specifiers": {
    "jsr:@3d/three@*": "0.166.0",
    "jsr:@3d/three@0.166": "0.166.0",
    "jsr:@3d/three@0.166.0": "0.166.0",
    "jsr:@codemonument/cliffy@1.0.0-rc.3": "1.0.0-rc.3",
    "jsr:@luca/esbuild-deno-loader@0.10.3": "0.10.3",
    "jsr:@oak/commons@0.10": "0.10.2",
    "jsr:@oak/oak@16.0.0": "16.0.0",
    "jsr:@socali/modules@^4.4.1": "4.4.1",
    "jsr:@spikerko/spices@*": "1.3.3",
    "jsr:@spikerko/spices@^1.3.3": "1.3.3",
    "jsr:@spikerko/tools@^1.2.3": "1.2.3",
    "jsr:@std/assert@0.223": "0.223.0",
    "jsr:@std/assert@0.224": "0.224.0",
    "jsr:@std/assert@0.226": "0.226.0",
    "jsr:@std/assert@~0.213.1": "0.213.1",
    "jsr:@std/bytes@0.223": "0.223.0",
    "jsr:@std/bytes@0.224": "0.224.0",
    "jsr:@std/cli@0.223.0": "0.223.0",
    "jsr:@std/crypto@0.223": "0.223.0",
    "jsr:@std/crypto@0.224": "0.224.0",
    "jsr:@std/encoding@0.213": "0.213.1",
    "jsr:@std/encoding@0.221.0": "0.221.0",
    "jsr:@std/encoding@0.223": "0.223.0",
    "jsr:@std/encoding@1.0.0-rc.2": "1.0.0-rc.2",
    "jsr:@std/fmt@0.221.0": "0.221.0",
    "jsr:@std/fs@0.223.0": "0.223.0",
    "jsr:@std/http@0.223": "0.223.0",
    "jsr:@std/http@0.224": "0.224.5",
    "jsr:@std/io@0.223": "0.223.0",
    "jsr:@std/jsonc@0.213": "0.213.1",
    "jsr:@std/media-types@0.223": "0.223.0",
    "jsr:@std/media-types@0.224": "0.224.1",
    "jsr:@std/path@0.213": "0.213.1",
    "jsr:@std/path@0.223": "0.223.0",
    "jsr:@std/path@0.223.0": "0.223.0",
    "npm:autoprefixer@10.4.19": "10.4.19_postcss@8.4.38",
    "npm:cssnano-preset-advanced@6.1.2": "6.1.2_postcss@8.4.38",
    "npm:cssnano@6.1.2": "6.1.2_postcss@8.4.38",
    "npm:esbuild@0.20.2": "0.20.2",
    "npm:path-to-regexp@6.2.1": "6.2.1",
    "npm:postcss@8.4.38": "8.4.38",
    "npm:sass@1.75.0": "1.75.0",
    "npm:seedrandom@*": "3.0.5",
    "npm:seedrandom@^3.0.5": "3.0.5"
  },
  "jsr": {
    "@3d/three@0.166.0": {
      "integrity": "c73f5f736965d3b8d06b66542d1471004b4fd998fd06426245a0a7fea9bdfde9"
    },
    "@codemonument/cliffy@1.0.0-rc.3": {
      "integrity": "e977470deb471f68e78244c34f7cd86c5e279ac37d2a271f14cad1bed74d3de3",
      "dependencies": [
        "jsr:@std/encoding@0.221.0",
        "jsr:@std/fmt"
      ]
    },
    "@luca/esbuild-deno-loader@0.10.3": {
      "integrity": "32fc93f7e7f78060234fd5929a740668aab1c742b808c6048b57f9aaea514921",
      "dependencies": [
        "jsr:@std/encoding@0.213",
        "jsr:@std/jsonc",
        "jsr:@std/path@0.213"
      ]
    },
    "@oak/commons@0.10.2": {
      "integrity": "f47aebe12c3c73372ebe96250dbcd469d11f9e9df0cd89169d245bf674a347d5",
      "dependencies": [
        "jsr:@std/assert@0.226",
        "jsr:@std/bytes@0.224",
        "jsr:@std/crypto@0.224",
        "jsr:@std/http@0.224",
        "jsr:@std/media-types@0.224"
      ]
    },
    "@oak/oak@16.0.0": {
      "integrity": "a98756fb4bf69f728c9a5179ff4157620946c5969bcaa3d6bd64cca8b198f74e",
      "dependencies": [
        "jsr:@oak/commons",
        "jsr:@std/assert@0.223",
        "jsr:@std/bytes@0.223",
        "jsr:@std/crypto@0.223",
        "jsr:@std/http@0.223",
        "jsr:@std/io",
        "jsr:@std/media-types@0.223",
        "jsr:@std/path@0.223",
        "npm:path-to-regexp"
      ]
    },
    "@socali/modules@4.4.1": {
      "integrity": "1a8ae6eb7279ba223413386ab72366512b1ad78503d370643d820b42cac9e966"
    },
    "@spikerko/spices@1.3.3": {
      "integrity": "f9c8209f04f042ff5718f05f91c45c3c715ecdda841450f374382c37b1341ac0",
      "dependencies": [
        "jsr:@codemonument/cliffy",
        "jsr:@luca/esbuild-deno-loader",
        "jsr:@oak/oak",
        "jsr:@socali/modules",
        "jsr:@std/cli",
        "jsr:@std/fs",
        "jsr:@std/path@0.223.0",
        "npm:autoprefixer",
        "npm:cssnano",
        "npm:cssnano-preset-advanced",
        "npm:esbuild",
        "npm:postcss",
        "npm:sass"
      ]
    },
    "@spikerko/tools@1.2.3": {
      "integrity": "bafe8006f93abb5ecb36101d0e46fdfbfbb041ec91afbf6e55ab878573511f80",
      "dependencies": [
        "jsr:@3d/three@0.166.0",
        "jsr:@socali/modules"
      ]
    },
    "@std/assert@0.213.1": {
      "integrity": "24c28178b30c8e0782c18e8e94ea72b16282207569cdd10ffb9d1d26f2edebfe"
    },
    "@std/assert@0.223.0": {
      "integrity": "eb8d6d879d76e1cc431205bd346ed4d88dc051c6366365b1af47034b0670be24"
    },
    "@std/assert@0.224.0": {
      "integrity": "8643233ec7aec38a940a8264a6e3eed9bfa44e7a71cc6b3c8874213ff401967f"
    },
    "@std/assert@0.226.0": {
      "integrity": "0dfb5f7c7723c18cec118e080fec76ce15b4c31154b15ad2bd74822603ef75b3"
    },
    "@std/bytes@0.223.0": {
      "integrity": "84b75052cd8680942c397c2631318772b295019098f40aac5c36cead4cba51a8"
    },
    "@std/bytes@0.224.0": {
      "integrity": "a2250e1d0eb7d1c5a426f21267ab9bdeac2447fa87a3d0d1a467d3f7a6058e49"
    },
    "@std/cli@0.223.0": {
      "integrity": "2feb7970f2028904c3edc22ea916ce9538113dfc170844f3eae03578c333c356",
      "dependencies": [
        "jsr:@std/assert@0.223"
      ]
    },
    "@std/crypto@0.223.0": {
      "integrity": "1aa9555ff56b09e197ad988ea200f84bc6781fd4fd83f3a156ee44449af93000",
      "dependencies": [
        "jsr:@std/assert@0.223",
        "jsr:@std/encoding@0.223"
      ]
    },
    "@std/crypto@0.224.0": {
      "integrity": "154ef3ff08ef535562ef1a718718c5b2c5fc3808f0f9100daad69e829bfcdf2d",
      "dependencies": [
        "jsr:@std/assert@0.224"
      ]
    },
    "@std/encoding@0.213.1": {
      "integrity": "fcbb6928713dde941a18ca5db88ca1544d0755ec8fb20fe61e2dc8144b390c62"
    },
    "@std/encoding@0.221.0": {
      "integrity": "d1dd76ef0dc5d14088411e6dc1dede53bf8308c95d1537df1214c97137208e45"
    },
    "@std/encoding@0.223.0": {
      "integrity": "2b5615a75e00337ce113f34cf2f9b8c18182c751a8dcc8b1a2c2fc0e117bef00"
    },
    "@std/encoding@1.0.0-rc.2": {
      "integrity": "160d7674a20ebfbccdf610b3801fee91cf6e42d1c106dd46bbaf46e395cd35ef"
    },
    "@std/fmt@0.221.0": {
      "integrity": "379fed69bdd9731110f26b9085aeb740606b20428ce6af31ef6bd45ef8efa62a"
    },
    "@std/fs@0.223.0": {
      "integrity": "3b4b0550b2c524cbaaa5a9170c90e96cbb7354e837ad1bdaf15fc9df1ae9c31c",
      "dependencies": [
        "jsr:@std/assert@0.223",
        "jsr:@std/path@0.223"
      ]
    },
    "@std/http@0.223.0": {
      "integrity": "15ab8a0c5a7e9d5be017a15b01600f20f66602ceec48b378939fa24fcec522aa",
      "dependencies": [
        "jsr:@std/assert@0.223",
        "jsr:@std/encoding@0.223"
      ]
    },
    "@std/http@0.224.5": {
      "integrity": "b03b5d1529f6c423badfb82f6640f9f2557b4034cd7c30655ba5bb447ff750a4",
      "dependencies": [
        "jsr:@std/encoding@1.0.0-rc.2"
      ]
    },
    "@std/io@0.223.0": {
      "integrity": "2d8c3c2ab3a515619b90da2c6ff5ea7b75a94383259ef4d02116b228393f84f1",
      "dependencies": [
        "jsr:@std/bytes@0.223"
      ]
    },
    "@std/jsonc@0.213.1": {
      "integrity": "5578f21aa583b7eb7317eed077ffcde47b294f1056bdbb9aacec407758637bfe",
      "dependencies": [
        "jsr:@std/assert@~0.213.1"
      ]
    },
    "@std/media-types@0.223.0": {
      "integrity": "84684680c2eb6bc6d9369c6d6f26a49decaf2c7603ff531862dda575d9d6776e"
    },
    "@std/media-types@0.224.1": {
      "integrity": "9e69a5daed37c5b5c6d3ce4731dc191f80e67f79bed392b0957d1d03b87f11e1"
    },
    "@std/path@0.213.1": {
      "integrity": "f187bf278a172752e02fcbacf6bd78a335ed320d080a7ed3a5a59c3e88abc673",
      "dependencies": [
        "jsr:@std/assert@~0.213.1"
      ]
    },
    "@std/path@0.223.0": {
      "integrity": "593963402d7e6597f5a6e620931661053572c982fc014000459edc1f93cc3989",
      "dependencies": [
        "jsr:@std/assert@0.223"
      ]
    }
  },
  "npm": {
    "@esbuild/aix-ppc64@0.20.2": {
      "integrity": "sha512-D+EBOJHXdNZcLJRBkhENNG8Wji2kgc9AZ9KiPr1JuZjsNtyHzrsfLRrY0tk2H2aoFu6RANO1y1iPPUCDYWkb5g==",
      "os": ["aix"],
      "cpu": ["ppc64"]
    },
    "@esbuild/android-arm64@0.20.2": {
      "integrity": "sha512-mRzjLacRtl/tWU0SvD8lUEwb61yP9cqQo6noDZP/O8VkwafSYwZ4yWy24kan8jE/IMERpYncRt2dw438LP3Xmg==",
      "os": ["android"],
      "cpu": ["arm64"]
    },
    "@esbuild/android-arm@0.20.2": {
      "integrity": "sha512-t98Ra6pw2VaDhqNWO2Oph2LXbz/EJcnLmKLGBJwEwXX/JAN83Fym1rU8l0JUWK6HkIbWONCSSatf4sf2NBRx/w==",
      "os": ["android"],
      "cpu": ["arm"]
    },
    "@esbuild/android-x64@0.20.2": {
      "integrity": "sha512-btzExgV+/lMGDDa194CcUQm53ncxzeBrWJcncOBxuC6ndBkKxnHdFJn86mCIgTELsooUmwUm9FkhSp5HYu00Rg==",
      "os": ["android"],
      "cpu": ["x64"]
    },
    "@esbuild/darwin-arm64@0.20.2": {
      "integrity": "sha512-4J6IRT+10J3aJH3l1yzEg9y3wkTDgDk7TSDFX+wKFiWjqWp/iCfLIYzGyasx9l0SAFPT1HwSCR+0w/h1ES/MjA==",
      "os": ["darwin"],
      "cpu": ["arm64"]
    },
    "@esbuild/darwin-x64@0.20.2": {
      "integrity": "sha512-tBcXp9KNphnNH0dfhv8KYkZhjc+H3XBkF5DKtswJblV7KlT9EI2+jeA8DgBjp908WEuYll6pF+UStUCfEpdysA==",
      "os": ["darwin"],
      "cpu": ["x64"]
    },
    "@esbuild/freebsd-arm64@0.20.2": {
      "integrity": "sha512-d3qI41G4SuLiCGCFGUrKsSeTXyWG6yem1KcGZVS+3FYlYhtNoNgYrWcvkOoaqMhwXSMrZRl69ArHsGJ9mYdbbw==",
      "os": ["freebsd"],
      "cpu": ["arm64"]
    },
    "@esbuild/freebsd-x64@0.20.2": {
      "integrity": "sha512-d+DipyvHRuqEeM5zDivKV1KuXn9WeRX6vqSqIDgwIfPQtwMP4jaDsQsDncjTDDsExT4lR/91OLjRo8bmC1e+Cw==",
      "os": ["freebsd"],
      "cpu": ["x64"]
    },
    "@esbuild/linux-arm64@0.20.2": {
      "integrity": "sha512-9pb6rBjGvTFNira2FLIWqDk/uaf42sSyLE8j1rnUpuzsODBq7FvpwHYZxQ/It/8b+QOS1RYfqgGFNLRI+qlq2A==",
      "os": ["linux"],
      "cpu": ["arm64"]
    },
    "@esbuild/linux-arm@0.20.2": {
      "integrity": "sha512-VhLPeR8HTMPccbuWWcEUD1Az68TqaTYyj6nfE4QByZIQEQVWBB8vup8PpR7y1QHL3CpcF6xd5WVBU/+SBEvGTg==",
      "os": ["linux"],
      "cpu": ["arm"]
    },
    "@esbuild/linux-ia32@0.20.2": {
      "integrity": "sha512-o10utieEkNPFDZFQm9CoP7Tvb33UutoJqg3qKf1PWVeeJhJw0Q347PxMvBgVVFgouYLGIhFYG0UGdBumROyiig==",
      "os": ["linux"],
      "cpu": ["ia32"]
    },
    "@esbuild/linux-loong64@0.20.2": {
      "integrity": "sha512-PR7sp6R/UC4CFVomVINKJ80pMFlfDfMQMYynX7t1tNTeivQ6XdX5r2XovMmha/VjR1YN/HgHWsVcTRIMkymrgQ==",
      "os": ["linux"],
      "cpu": ["loong64"]
    },
    "@esbuild/linux-mips64el@0.20.2": {
      "integrity": "sha512-4BlTqeutE/KnOiTG5Y6Sb/Hw6hsBOZapOVF6njAESHInhlQAghVVZL1ZpIctBOoTFbQyGW+LsVYZ8lSSB3wkjA==",
      "os": ["linux"],
      "cpu": ["mips64el"]
    },
    "@esbuild/linux-ppc64@0.20.2": {
      "integrity": "sha512-rD3KsaDprDcfajSKdn25ooz5J5/fWBylaaXkuotBDGnMnDP1Uv5DLAN/45qfnf3JDYyJv/ytGHQaziHUdyzaAg==",
      "os": ["linux"],
      "cpu": ["ppc64"]
    },
    "@esbuild/linux-riscv64@0.20.2": {
      "integrity": "sha512-snwmBKacKmwTMmhLlz/3aH1Q9T8v45bKYGE3j26TsaOVtjIag4wLfWSiZykXzXuE1kbCE+zJRmwp+ZbIHinnVg==",
      "os": ["linux"],
      "cpu": ["riscv64"]
    },
    "@esbuild/linux-s390x@0.20.2": {
      "integrity": "sha512-wcWISOobRWNm3cezm5HOZcYz1sKoHLd8VL1dl309DiixxVFoFe/o8HnwuIwn6sXre88Nwj+VwZUvJf4AFxkyrQ==",
      "os": ["linux"],
      "cpu": ["s390x"]
    },
    "@esbuild/linux-x64@0.20.2": {
      "integrity": "sha512-1MdwI6OOTsfQfek8sLwgyjOXAu+wKhLEoaOLTjbijk6E2WONYpH9ZU2mNtR+lZ2B4uwr+usqGuVfFT9tMtGvGw==",
      "os": ["linux"],
      "cpu": ["x64"]
    },
    "@esbuild/netbsd-x64@0.20.2": {
      "integrity": "sha512-K8/DhBxcVQkzYc43yJXDSyjlFeHQJBiowJ0uVL6Tor3jGQfSGHNNJcWxNbOI8v5k82prYqzPuwkzHt3J1T1iZQ==",
      "os": ["netbsd"],
      "cpu": ["x64"]
    },
    "@esbuild/openbsd-x64@0.20.2": {
      "integrity": "sha512-eMpKlV0SThJmmJgiVyN9jTPJ2VBPquf6Kt/nAoo6DgHAoN57K15ZghiHaMvqjCye/uU4X5u3YSMgVBI1h3vKrQ==",
      "os": ["openbsd"],
      "cpu": ["x64"]
    },
    "@esbuild/sunos-x64@0.20.2": {
      "integrity": "sha512-2UyFtRC6cXLyejf/YEld4Hajo7UHILetzE1vsRcGL3earZEW77JxrFjH4Ez2qaTiEfMgAXxfAZCm1fvM/G/o8w==",
      "os": ["sunos"],
      "cpu": ["x64"]
    },
    "@esbuild/win32-arm64@0.20.2": {
      "integrity": "sha512-GRibxoawM9ZCnDxnP3usoUDO9vUkpAxIIZ6GQI+IlVmr5kP3zUq+l17xELTHMWTWzjxa2guPNyrpq1GWmPvcGQ==",
      "os": ["win32"],
      "cpu": ["arm64"]
    },
    "@esbuild/win32-ia32@0.20.2": {
      "integrity": "sha512-HfLOfn9YWmkSKRQqovpnITazdtquEW8/SoHW7pWpuEeguaZI4QnCRW6b+oZTztdBnZOS2hqJ6im/D5cPzBTTlQ==",
      "os": ["win32"],
      "cpu": ["ia32"]
    },
    "@esbuild/win32-x64@0.20.2": {
      "integrity": "sha512-N49X4lJX27+l9jbLKSqZ6bKNjzQvHaT8IIFUy+YIqmXQdjYCToGWwOItDrfby14c78aDd5NHQl29xingXfCdLQ==",
      "os": ["win32"],
      "cpu": ["x64"]
    },
    "@trysound/sax@0.2.0": {
      "integrity": "sha512-L7z9BgrNEcYyUYtF+HaEfiS5ebkh9jXqbszz7pC0hRBPaatV0XjSD3+eHrpqFemQfgwiFF0QPIarnIihIDn7OA=="
    },
    "anymatch@3.1.3": {
      "integrity": "sha512-KMReFUr0B4t+D+OBkjR3KYqvocp2XaSzO55UcB6mgQMd3KbcE+mWTyvVV7D/zsdEbNnV6acZUutkiHQXvTr1Rw==",
      "dependencies": [
        "normalize-path",
        "picomatch"
      ]
    },
    "autoprefixer@10.4.19_postcss@8.4.38": {
      "integrity": "sha512-BaENR2+zBZ8xXhM4pUaKUxlVdxZ0EZhjvbopwnXmxRUfqDmwSpC2lAi/QXvx7NRdPCo1WKEcEF6mV64si1z4Ew==",
      "dependencies": [
        "browserslist",
        "caniuse-lite",
        "fraction.js",
        "normalize-range",
        "picocolors",
        "postcss",
        "postcss-value-parser"
      ],
      "bin": true
    },
    "binary-extensions@2.3.0": {
      "integrity": "sha512-Ceh+7ox5qe7LJuLHoY0feh3pHuUDHAcRUeyL2VYghZwfpkNIy/+8Ocg0a3UuSoYzavmylwuLWQOf3hl0jjMMIw=="
    },
    "boolbase@1.0.0": {
      "integrity": "sha512-JZOSA7Mo9sNGB8+UjSgzdLtokWAky1zbztM3WRLCbZ70/3cTANmQmOdR7y2g+J0e2WXywy1yS468tY+IruqEww=="
    },
    "braces@3.0.3": {
      "integrity": "sha512-yQbXgO/OSZVD2IsiLlro+7Hf6Q18EJrKSEsdoMzKePKXct3gvD8oLcOQdIzGupr5Fj+EDe8gO/lxc1BzfMpxvA==",
      "dependencies": [
        "fill-range"
      ]
    },
    "browserslist@4.24.4": {
      "integrity": "sha512-KDi1Ny1gSePi1vm0q4oxSF8b4DR44GF4BbmS2YdhPLOEqd8pDviZOGH/GsmRwoWJ2+5Lr085X7naowMwKHDG1A==",
      "dependencies": [
        "caniuse-lite",
        "electron-to-chromium",
        "node-releases",
        "update-browserslist-db"
      ],
      "bin": true
    },
    "caniuse-api@3.0.0": {
      "integrity": "sha512-bsTwuIg/BZZK/vreVTYYbSWoe2F+71P7K5QGEX+pT250DZbfU1MQ5prOKpPR+LL6uWKK3KMwMCAS74QB3Um1uw==",
      "dependencies": [
        "browserslist",
        "caniuse-lite",
        "lodash.memoize",
        "lodash.uniq"
      ]
    },
    "caniuse-lite@1.0.30001711": {
      "integrity": "sha512-OpFA8GsKtoV3lCcsI3U5XBAV+oVrMu96OS8XafKqnhOaEAW2mveD1Mx81Sx/02chERwhDakuXs28zbyEc4QMKg=="
    },
    "chokidar@3.6.0": {
      "integrity": "sha512-7VT13fmjotKpGipCW9JEQAusEPE+Ei8nl6/g4FBAmIm0GOOLMua9NDDo/DWp0ZAxCr3cPq5ZpBqmPAQgDda2Pw==",
      "dependencies": [
        "anymatch",
        "braces",
        "glob-parent",
        "is-binary-path",
        "is-glob",
        "normalize-path",
        "readdirp"
      ],
      "optionalDependencies": [
        "fsevents"
      ]
    },
    "colord@2.9.3": {
      "integrity": "sha512-jeC1axXpnb0/2nn/Y1LPuLdgXBLH7aDcHu4KEKfqw3CUhX7ZpfBSlPKyqXE6btIgEzfWtrX3/tyBCaCvXvMkOw=="
    },
    "commander@7.2.0": {
      "integrity": "sha512-QrWXB+ZQSVPmIWIhtEO9H+gwHaMGYiF5ChvoJ+K9ZGHG/sVsa6yiesAD1GC/x46sET00Xlwo1u49RVVVzvcSkw=="
    },
    "css-declaration-sorter@7.2.0_postcss@8.4.38": {
      "integrity": "sha512-h70rUM+3PNFuaBDTLe8wF/cdWu+dOZmb7pJt8Z2sedYbAcQVQV/tEchueg3GWxwqS0cxtbxmaHEdkNACqcvsow==",
      "dependencies": [
        "postcss"
      ]
    },
    "css-select@5.1.0": {
      "integrity": "sha512-nwoRF1rvRRnnCqqY7updORDsuqKzqYJ28+oSMaJMMgOauh3fvwHqMS7EZpIPqK8GL+g9mKxF1vP/ZjSeNjEVHg==",
      "dependencies": [
        "boolbase",
        "css-what",
        "domhandler",
        "domutils",
        "nth-check"
      ]
    },
    "css-tree@2.2.1": {
      "integrity": "sha512-OA0mILzGc1kCOCSJerOeqDxDQ4HOh+G8NbOJFOTgOCzpw7fCBubk0fEyxp8AgOL/jvLgYA/uV0cMbe43ElF1JA==",
      "dependencies": [
        "mdn-data@2.0.28",
        "source-map-js"
      ]
    },
    "css-tree@2.3.1": {
      "integrity": "sha512-6Fv1DV/TYw//QF5IzQdqsNDjx/wc8TrMBZsqjL9eW01tWb7R7k/mq+/VXfJCl7SoD5emsJop9cOByJZfs8hYIw==",
      "dependencies": [
        "mdn-data@2.0.30",
        "source-map-js"
      ]
    },
    "css-what@6.1.0": {
      "integrity": "sha512-HTUrgRJ7r4dsZKU6GjmpfRK1O76h97Z8MfS1G0FozR+oF2kG6Vfe8JE6zwrkbxigziPHinCJ+gCPjA9EaBDtRw=="
    },
    "cssesc@3.0.0": {
      "integrity": "sha512-/Tb/JcjK111nNScGob5MNtsntNM1aCNUDipB/TkwZFhyDrrE47SOx/18wF2bbjgc3ZzCSKW1T5nt5EbFoAz/Vg==",
      "bin": true
    },
    "cssnano-preset-advanced@6.1.2_postcss@8.4.38": {
      "integrity": "sha512-Nhao7eD8ph2DoHolEzQs5CfRpiEP0xa1HBdnFZ82kvqdmbwVBUr2r1QuQ4t1pi+D1ZpqpcO4T+wy/7RxzJ/WPQ==",
      "dependencies": [
        "autoprefixer",
        "browserslist",
        "cssnano-preset-default",
        "postcss",
        "postcss-discard-unused",
        "postcss-merge-idents",
        "postcss-reduce-idents",
        "postcss-zindex"
      ]
    },
    "cssnano-preset-default@6.1.2_postcss@8.4.38": {
      "integrity": "sha512-1C0C+eNaeN8OcHQa193aRgYexyJtU8XwbdieEjClw+J9d94E41LwT6ivKH0WT+fYwYWB0Zp3I3IZ7tI/BbUbrg==",
      "dependencies": [
        "browserslist",
        "css-declaration-sorter",
        "cssnano-utils",
        "postcss",
        "postcss-calc",
        "postcss-colormin",
        "postcss-convert-values",
        "postcss-discard-comments",
        "postcss-discard-duplicates",
        "postcss-discard-empty",
        "postcss-discard-overridden",
        "postcss-merge-longhand",
        "postcss-merge-rules",
        "postcss-minify-font-values",
        "postcss-minify-gradients",
        "postcss-minify-params",
        "postcss-minify-selectors",
        "postcss-normalize-charset",
        "postcss-normalize-display-values",
        "postcss-normalize-positions",
        "postcss-normalize-repeat-style",
        "postcss-normalize-string",
        "postcss-normalize-timing-functions",
        "postcss-normalize-unicode",
        "postcss-normalize-url",
        "postcss-normalize-whitespace",
        "postcss-ordered-values",
        "postcss-reduce-initial",
        "postcss-reduce-transforms",
        "postcss-svgo",
        "postcss-unique-selectors"
      ]
    },
    "cssnano-utils@4.0.2_postcss@8.4.38": {
      "integrity": "sha512-ZR1jHg+wZ8o4c3zqf1SIUSTIvm/9mU343FMR6Obe/unskbvpGhZOo1J6d/r8D1pzkRQYuwbcH3hToOuoA2G7oQ==",
      "dependencies": [
        "postcss"
      ]
    },
    "cssnano@6.1.2_postcss@8.4.38": {
      "integrity": "sha512-rYk5UeX7VAM/u0lNqewCdasdtPK81CgX8wJFLEIXHbV2oldWRgJAsZrdhRXkV1NJzA2g850KiFm9mMU2HxNxMA==",
      "dependencies": [
        "cssnano-preset-default",
        "lilconfig",
        "postcss"
      ]
    },
    "csso@5.0.5": {
      "integrity": "sha512-0LrrStPOdJj+SPCCrGhzryycLjwcgUSHBtxNA8aIDxf0GLsRh1cKYhB00Gd1lDOS4yGH69+SNn13+TWbVHETFQ==",
      "dependencies": [
        "css-tree@2.2.1"
      ]
    },
    "dom-serializer@2.0.0": {
      "integrity": "sha512-wIkAryiqt/nV5EQKqQpo3SToSOV9J0DnbJqwK7Wv/Trc92zIAYZ4FlMu+JPFW1DfGFt81ZTCGgDEabffXeLyJg==",
      "dependencies": [
        "domelementtype",
        "domhandler",
        "entities"
      ]
    },
    "domelementtype@2.3.0": {
      "integrity": "sha512-OLETBj6w0OsagBwdXnPdN0cnMfF9opN69co+7ZrbfPGrdpPVNBUj02spi6B1N7wChLQiPn4CSH/zJvXw56gmHw=="
    },
    "domhandler@5.0.3": {
      "integrity": "sha512-cgwlv/1iFQiFnU96XXgROh8xTeetsnJiDsTc7TYCLFd9+/WNkIqPTxiM/8pSd8VIrhXGTf1Ny1q1hquVqDJB5w==",
      "dependencies": [
        "domelementtype"
      ]
    },
    "domutils@3.1.0": {
      "integrity": "sha512-H78uMmQtI2AhgDJjWeQmHwJJ2bLPD3GMmO7Zja/ZZh84wkm+4ut+IUnUdRa8uCGX88DiVx1j6FRe1XfxEgjEZA==",
      "dependencies": [
        "dom-serializer",
        "domelementtype",
        "domhandler"
      ]
    },
    "electron-to-chromium@1.5.132": {
      "integrity": "sha512-QgX9EBvWGmvSRa74zqfnG7+Eno0Ak0vftBll0Pt2/z5b3bEGYL6OUXLgKPtvx73dn3dvwrlyVkjPKRRlhLYTEg=="
    },
    "entities@4.5.0": {
      "integrity": "sha512-V0hjH4dGPh9Ao5p0MoRY6BVqtwCjhz6vI5LT8AJ55H+4g9/4vbHx1I54fS0XuclLhDHArPQCiMjDxjaL8fPxhw=="
    },
    "esbuild@0.20.2": {
      "integrity": "sha512-WdOOppmUNU+IbZ0PaDiTst80zjnrOkyJNHoKupIcVyU8Lvla3Ugx94VzkQ32Ijqd7UhHJy75gNWDMUekcrSJ6g==",
      "optionalDependencies": [
        "@esbuild/aix-ppc64",
        "@esbuild/android-arm",
        "@esbuild/android-arm64",
        "@esbuild/android-x64",
        "@esbuild/darwin-arm64",
        "@esbuild/darwin-x64",
        "@esbuild/freebsd-arm64",
        "@esbuild/freebsd-x64",
        "@esbuild/linux-arm",
        "@esbuild/linux-arm64",
        "@esbuild/linux-ia32",
        "@esbuild/linux-loong64",
        "@esbuild/linux-mips64el",
        "@esbuild/linux-ppc64",
        "@esbuild/linux-riscv64",
        "@esbuild/linux-s390x",
        "@esbuild/linux-x64",
        "@esbuild/netbsd-x64",
        "@esbuild/openbsd-x64",
        "@esbuild/sunos-x64",
        "@esbuild/win32-arm64",
        "@esbuild/win32-ia32",
        "@esbuild/win32-x64"
      ],
      "scripts": true,
      "bin": true
    },
    "escalade@3.2.0": {
      "integrity": "sha512-WUj2qlxaQtO4g6Pq5c29GTcWGDyd8itL8zTlipgECz3JesAiiOKotd8JU6otB3PACgG6xkJUyVhboMS+bje/jA=="
    },
    "fill-range@7.1.1": {
      "integrity": "sha512-YsGpe3WHLK8ZYi4tWDg2Jy3ebRz2rXowDxnld4bkQB00cc/1Zw9AWnC0i9ztDJitivtQvaI9KaLyKrc+hBW0yg==",
      "dependencies": [
        "to-regex-range"
      ]
    },
    "fraction.js@4.3.7": {
      "integrity": "sha512-ZsDfxO51wGAXREY55a7la9LScWpwv9RxIrYABrlvOFBlH/ShPnrtsXeuUIfXKKOVicNxQ+o8JTbJvjS4M89yew=="
    },
    "fsevents@2.3.3": {
      "integrity": "sha512-5xoDfX+fL7faATnagmWPpbFtwh/R77WmMMqqHGS65C3vvB0YHrgF+B1YmZ3441tMj5n63k0212XNoJwzlhffQw==",
      "os": ["darwin"],
      "scripts": true
    },
    "glob-parent@5.1.2": {
      "integrity": "sha512-AOIgSQCepiJYwP3ARnGx+5VnTu2HBYdzbGP45eLw1vr3zB3vZLeyed1sC9hnbcOc9/SrMyM5RPQrkGz4aS9Zow==",
      "dependencies": [
        "is-glob"
      ]
    },
    "immutable@4.3.7": {
      "integrity": "sha512-1hqclzwYwjRDFLjcFxOM5AYkkG0rpFPpr1RLPMEuGczoS7YA8gLhy8SWXYRAA/XwfEHpfo3cw5JGioS32fnMRw=="
    },
    "is-binary-path@2.1.0": {
      "integrity": "sha512-ZMERYes6pDydyuGidse7OsHxtbI7WVeUEozgR/g7rd0xUimYNlvZRE/K2MgZTjWy725IfelLeVcEM97mmtRGXw==",
      "dependencies": [
        "binary-extensions"
      ]
    },
    "is-extglob@2.1.1": {
      "integrity": "sha512-SbKbANkN603Vi4jEZv49LeVJMn4yGwsbzZworEoyEiutsN3nJYdbO36zfhGJ6QEDpOZIFkDtnq5JRxmvl3jsoQ=="
    },
    "is-glob@4.0.3": {
      "integrity": "sha512-xelSayHH36ZgE7ZWhli7pW34hNbNl8Ojv5KVmkJD4hBdD3th8Tfk9vYasLM+mXWOZhFkgZfxhLSnrwRr4elSSg==",
      "dependencies": [
        "is-extglob"
      ]
    },
    "is-number@7.0.0": {
      "integrity": "sha512-41Cifkg6e8TylSpdtTpeLVMqvSBEVzTttHvERD741+pnZ8ANv0004MRL43QKPDlK9cGvNp6NZWZUBlbGXYxxng=="
    },
    "lilconfig@3.1.2": {
      "integrity": "sha512-eop+wDAvpItUys0FWkHIKeC9ybYrTGbU41U5K7+bttZZeohvnY7M9dZ5kB21GNWiFT2q1OoPTvncPCgSOVO5ow=="
    },
    "lodash.memoize@4.1.2": {
      "integrity": "sha512-t7j+NzmgnQzTAYXcsHYLgimltOV1MXHtlOWf6GjL9Kj8GK5FInw5JotxvbOs+IvV1/Dzo04/fCGfLVs7aXb4Ag=="
    },
    "lodash.uniq@4.5.0": {
      "integrity": "sha512-xfBaXQd9ryd9dlSDvnvI0lvxfLJlYAZzXomUYzLKtUeOQvOP5piqAWuGtrhWeqaXK9hhoM/iyJc5AV+XfsX3HQ=="
    },
    "mdn-data@2.0.28": {
      "integrity": "sha512-aylIc7Z9y4yzHYAJNuESG3hfhC+0Ibp/MAMiaOZgNv4pmEdFyfZhhhny4MNiAfWdBQ1RQ2mfDWmM1x8SvGyp8g=="
    },
    "mdn-data@2.0.30": {
      "integrity": "sha512-GaqWWShW4kv/G9IEucWScBx9G1/vsFZZJUO+tD26M8J8z3Kw5RDQjaoZe03YAClgeS/SWPOcb4nkFBTEi5DUEA=="
    },
    "nanoid@3.3.11": {
      "integrity": "sha512-N8SpfPUnUp1bK+PMYW8qSWdl9U+wwNWI4QKxOYDy9JAro3WMX7p2OeVRF9v+347pnakNevPmiHhNmZ2HbFA76w==",
      "bin": true
    },
    "node-releases@2.0.19": {
      "integrity": "sha512-xxOWJsBKtzAq7DY0J+DTzuz58K8e7sJbdgwkbMWQe8UYB6ekmsQ45q0M/tJDsGaZmbC+l7n57UV8Hl5tHxO9uw=="
    },
    "normalize-path@3.0.0": {
      "integrity": "sha512-6eZs5Ls3WtCisHWp9S2GUy8dqkpGi4BVSz3GaqiE6ezub0512ESztXUwUB6C6IKbQkY2Pnb/mD4WYojCRwcwLA=="
    },
    "normalize-range@0.1.2": {
      "integrity": "sha512-bdok/XvKII3nUpklnV6P2hxtMNrCboOjAcyBuQnWEhO665FwrSNRxU+AqpsyvO6LgGYPspN+lu5CLtw4jPRKNA=="
    },
    "nth-check@2.1.1": {
      "integrity": "sha512-lqjrjmaOoAnWfMmBPL+XNnynZh2+swxiX3WUE0s4yEHI6m+AwrK2UZOimIRl3X/4QctVqS8AiZjFqyOGrMXb/w==",
      "dependencies": [
        "boolbase"
      ]
    },
    "path-to-regexp@6.2.1": {
      "integrity": "sha512-JLyh7xT1kizaEvcaXOQwOc2/Yhw6KZOvPf1S8401UyLk86CU79LN3vl7ztXGm/pZ+YjoyAJ4rxmHwbkBXJX+yw=="
    },
    "picocolors@1.1.1": {
      "integrity": "sha512-xceH2snhtb5M9liqDsmEw56le376mTZkEX/jEb/RxNFyegNul7eNslCXP9FDj/Lcu0X8KEyMceP2ntpaHrDEVA=="
    },
    "picomatch@2.3.1": {
      "integrity": "sha512-JU3teHTNjmE2VCGFzuY8EXzCDVwEqB2a8fsIvwaStHhAWJEeVd1o1QD80CU6+ZdEXXSLbSsuLwJjkCBWqRQUVA=="
    },
    "postcss-calc@9.0.1_postcss@8.4.38": {
      "integrity": "sha512-TipgjGyzP5QzEhsOZUaIkeO5mKeMFpebWzRogWG/ysonUlnHcq5aJe0jOjpfzUU8PeSaBQnrE8ehR0QA5vs8PQ==",
      "dependencies": [
        "postcss",
        "postcss-selector-parser",
        "postcss-value-parser"
      ]
    },
    "postcss-colormin@6.1.0_postcss@8.4.38": {
      "integrity": "sha512-x9yX7DOxeMAR+BgGVnNSAxmAj98NX/YxEMNFP+SDCEeNLb2r3i6Hh1ksMsnW8Ub5SLCpbescQqn9YEbE9554Sw==",
      "dependencies": [
        "browserslist",
        "caniuse-api",
        "colord",
        "postcss",
        "postcss-value-parser"
      ]
    },
    "postcss-convert-values@6.1.0_postcss@8.4.38": {
      "integrity": "sha512-zx8IwP/ts9WvUM6NkVSkiU902QZL1bwPhaVaLynPtCsOTqp+ZKbNi+s6XJg3rfqpKGA/oc7Oxk5t8pOQJcwl/w==",
      "dependencies": [
        "browserslist",
        "postcss",
        "postcss-value-parser"
      ]
    },
    "postcss-discard-comments@6.0.2_postcss@8.4.38": {
      "integrity": "sha512-65w/uIqhSBBfQmYnG92FO1mWZjJ4GL5b8atm5Yw2UgrwD7HiNiSSNwJor1eCFGzUgYnN/iIknhNRVqjrrpuglw==",
      "dependencies": [
        "postcss"
      ]
    },
    "postcss-discard-duplicates@6.0.3_postcss@8.4.38": {
      "integrity": "sha512-+JA0DCvc5XvFAxwx6f/e68gQu/7Z9ud584VLmcgto28eB8FqSFZwtrLwB5Kcp70eIoWP/HXqz4wpo8rD8gpsTw==",
      "dependencies": [
        "postcss"
      ]
    },
    "postcss-discard-empty@6.0.3_postcss@8.4.38": {
      "integrity": "sha512-znyno9cHKQsK6PtxL5D19Fj9uwSzC2mB74cpT66fhgOadEUPyXFkbgwm5tvc3bt3NAy8ltE5MrghxovZRVnOjQ==",
      "dependencies": [
        "postcss"
      ]
    },
    "postcss-discard-overridden@6.0.2_postcss@8.4.38": {
      "integrity": "sha512-j87xzI4LUggC5zND7KdjsI25APtyMuynXZSujByMaav2roV6OZX+8AaCUcZSWqckZpjAjRyFDdpqybgjFO0HJQ==",
      "dependencies": [
        "postcss"
      ]
    },
    "postcss-discard-unused@6.0.5_postcss@8.4.38": {
      "integrity": "sha512-wHalBlRHkaNnNwfC8z+ppX57VhvS+HWgjW508esjdaEYr3Mx7Gnn2xA4R/CKf5+Z9S5qsqC+Uzh4ueENWwCVUA==",
      "dependencies": [
        "postcss",
        "postcss-selector-parser"
      ]
    },
    "postcss-merge-idents@6.0.3_postcss@8.4.38": {
      "integrity": "sha512-1oIoAsODUs6IHQZkLQGO15uGEbK3EAl5wi9SS8hs45VgsxQfMnxvt+L+zIr7ifZFIH14cfAeVe2uCTa+SPRa3g==",
      "dependencies": [
        "cssnano-utils",
        "postcss",
        "postcss-value-parser"
      ]
    },
    "postcss-merge-longhand@6.0.5_postcss@8.4.38": {
      "integrity": "sha512-5LOiordeTfi64QhICp07nzzuTDjNSO8g5Ksdibt44d+uvIIAE1oZdRn8y/W5ZtYgRH/lnLDlvi9F8btZcVzu3w==",
      "dependencies": [
        "postcss",
        "postcss-value-parser",
        "stylehacks"
      ]
    },
    "postcss-merge-rules@6.1.1_postcss@8.4.38": {
      "integrity": "sha512-KOdWF0gju31AQPZiD+2Ar9Qjowz1LTChSjFFbS+e2sFgc4uHOp3ZvVX4sNeTlk0w2O31ecFGgrFzhO0RSWbWwQ==",
      "dependencies": [
        "browserslist",
        "caniuse-api",
        "cssnano-utils",
        "postcss",
        "postcss-selector-parser"
      ]
    },
    "postcss-minify-font-values@6.1.0_postcss@8.4.38": {
      "integrity": "sha512-gklfI/n+9rTh8nYaSJXlCo3nOKqMNkxuGpTn/Qm0gstL3ywTr9/WRKznE+oy6fvfolH6dF+QM4nCo8yPLdvGJg==",
      "dependencies": [
        "postcss",
        "postcss-value-parser"
      ]
    },
    "postcss-minify-gradients@6.0.3_postcss@8.4.38": {
      "integrity": "sha512-4KXAHrYlzF0Rr7uc4VrfwDJ2ajrtNEpNEuLxFgwkhFZ56/7gaE4Nr49nLsQDZyUe+ds+kEhf+YAUolJiYXF8+Q==",
      "dependencies": [
        "colord",
        "cssnano-utils",
        "postcss",
        "postcss-value-parser"
      ]
    },
    "postcss-minify-params@6.1.0_postcss@8.4.38": {
      "integrity": "sha512-bmSKnDtyyE8ujHQK0RQJDIKhQ20Jq1LYiez54WiaOoBtcSuflfK3Nm596LvbtlFcpipMjgClQGyGr7GAs+H1uA==",
      "dependencies": [
        "browserslist",
        "cssnano-utils",
        "postcss",
        "postcss-value-parser"
      ]
    },
    "postcss-minify-selectors@6.0.4_postcss@8.4.38": {
      "integrity": "sha512-L8dZSwNLgK7pjTto9PzWRoMbnLq5vsZSTu8+j1P/2GB8qdtGQfn+K1uSvFgYvgh83cbyxT5m43ZZhUMTJDSClQ==",
      "dependencies": [
        "postcss",
        "postcss-selector-parser"
      ]
    },
    "postcss-normalize-charset@6.0.2_postcss@8.4.38": {
      "integrity": "sha512-a8N9czmdnrjPHa3DeFlwqst5eaL5W8jYu3EBbTTkI5FHkfMhFZh1EGbku6jhHhIzTA6tquI2P42NtZ59M/H/kQ==",
      "dependencies": [
        "postcss"
      ]
    },
    "postcss-normalize-display-values@6.0.2_postcss@8.4.38": {
      "integrity": "sha512-8H04Mxsb82ON/aAkPeq8kcBbAtI5Q2a64X/mnRRfPXBq7XeogoQvReqxEfc0B4WPq1KimjezNC8flUtC3Qz6jg==",
      "dependencies": [
        "postcss",
        "postcss-value-parser"
      ]
    },
    "postcss-normalize-positions@6.0.2_postcss@8.4.38": {
      "integrity": "sha512-/JFzI441OAB9O7VnLA+RtSNZvQ0NCFZDOtp6QPFo1iIyawyXg0YI3CYM9HBy1WvwCRHnPep/BvI1+dGPKoXx/Q==",
      "dependencies": [
        "postcss",
        "postcss-value-parser"
      ]
    },
    "postcss-normalize-repeat-style@6.0.2_postcss@8.4.38": {
      "integrity": "sha512-YdCgsfHkJ2jEXwR4RR3Tm/iOxSfdRt7jplS6XRh9Js9PyCR/aka/FCb6TuHT2U8gQubbm/mPmF6L7FY9d79VwQ==",
      "dependencies": [
        "postcss",
        "postcss-value-parser"
      ]
    },
    "postcss-normalize-string@6.0.2_postcss@8.4.38": {
      "integrity": "sha512-vQZIivlxlfqqMp4L9PZsFE4YUkWniziKjQWUtsxUiVsSSPelQydwS8Wwcuw0+83ZjPWNTl02oxlIvXsmmG+CiQ==",
      "dependencies": [
        "postcss",
        "postcss-value-parser"
      ]
    },
    "postcss-normalize-timing-functions@6.0.2_postcss@8.4.38": {
      "integrity": "sha512-a+YrtMox4TBtId/AEwbA03VcJgtyW4dGBizPl7e88cTFULYsprgHWTbfyjSLyHeBcK/Q9JhXkt2ZXiwaVHoMzA==",
      "dependencies": [
        "postcss",
        "postcss-value-parser"
      ]
    },
    "postcss-normalize-unicode@6.1.0_postcss@8.4.38": {
      "integrity": "sha512-QVC5TQHsVj33otj8/JD869Ndr5Xcc/+fwRh4HAsFsAeygQQXm+0PySrKbr/8tkDKzW+EVT3QkqZMfFrGiossDg==",
      "dependencies": [
        "browserslist",
        "postcss",
        "postcss-value-parser"
      ]
    },
    "postcss-normalize-url@6.0.2_postcss@8.4.38": {
      "integrity": "sha512-kVNcWhCeKAzZ8B4pv/DnrU1wNh458zBNp8dh4y5hhxih5RZQ12QWMuQrDgPRw3LRl8mN9vOVfHl7uhvHYMoXsQ==",
      "dependencies": [
        "postcss",
        "postcss-value-parser"
      ]
    },
    "postcss-normalize-whitespace@6.0.2_postcss@8.4.38": {
      "integrity": "sha512-sXZ2Nj1icbJOKmdjXVT9pnyHQKiSAyuNQHSgRCUgThn2388Y9cGVDR+E9J9iAYbSbLHI+UUwLVl1Wzco/zgv0Q==",
      "dependencies": [
        "postcss",
        "postcss-value-parser"
      ]
    },
    "postcss-ordered-values@6.0.2_postcss@8.4.38": {
      "integrity": "sha512-VRZSOB+JU32RsEAQrO94QPkClGPKJEL/Z9PCBImXMhIeK5KAYo6slP/hBYlLgrCjFxyqvn5VC81tycFEDBLG1Q==",
      "dependencies": [
        "cssnano-utils",
        "postcss",
        "postcss-value-parser"
      ]
    },
    "postcss-reduce-idents@6.0.3_postcss@8.4.38": {
      "integrity": "sha512-G3yCqZDpsNPoQgbDUy3T0E6hqOQ5xigUtBQyrmq3tn2GxlyiL0yyl7H+T8ulQR6kOcHJ9t7/9H4/R2tv8tJbMA==",
      "dependencies": [
        "postcss",
        "postcss-value-parser"
      ]
    },
    "postcss-reduce-initial@6.1.0_postcss@8.4.38": {
      "integrity": "sha512-RarLgBK/CrL1qZags04oKbVbrrVK2wcxhvta3GCxrZO4zveibqbRPmm2VI8sSgCXwoUHEliRSbOfpR0b/VIoiw==",
      "dependencies": [
        "browserslist",
        "caniuse-api",
        "postcss"
      ]
    },
    "postcss-reduce-transforms@6.0.2_postcss@8.4.38": {
      "integrity": "sha512-sB+Ya++3Xj1WaT9+5LOOdirAxP7dJZms3GRcYheSPi1PiTMigsxHAdkrbItHxwYHr4kt1zL7mmcHstgMYT+aiA==",
      "dependencies": [
        "postcss",
        "postcss-value-parser"
      ]
    },
    "postcss-selector-parser@6.1.2": {
      "integrity": "sha512-Q8qQfPiZ+THO/3ZrOrO0cJJKfpYCagtMUkXbnEfmgUjwXg6z/WBeOyS9APBBPCTSiDV+s4SwQGu8yFsiMRIudg==",
      "dependencies": [
        "cssesc",
        "util-deprecate"
      ]
    },
    "postcss-svgo@6.0.3_postcss@8.4.38": {
      "integrity": "sha512-dlrahRmxP22bX6iKEjOM+c8/1p+81asjKT+V5lrgOH944ryx/OHpclnIbGsKVd3uWOXFLYJwCVf0eEkJGvO96g==",
      "dependencies": [
        "postcss",
        "postcss-value-parser",
        "svgo"
      ]
    },
    "postcss-unique-selectors@6.0.4_postcss@8.4.38": {
      "integrity": "sha512-K38OCaIrO8+PzpArzkLKB42dSARtC2tmG6PvD4b1o1Q2E9Os8jzfWFfSy/rixsHwohtsDdFtAWGjFVFUdwYaMg==",
      "dependencies": [
        "postcss",
        "postcss-selector-parser"
      ]
    },
    "postcss-value-parser@4.2.0": {
      "integrity": "sha512-1NNCs6uurfkVbeXG4S8JFT9t19m45ICnif8zWLd5oPSZ50QnwMfK+H3jv408d4jw/7Bttv5axS5IiHoLaVNHeQ=="
    },
    "postcss-zindex@6.0.2_postcss@8.4.38": {
      "integrity": "sha512-5BxW9l1evPB/4ZIc+2GobEBoKC+h8gPGCMi+jxsYvd2x0mjq7wazk6DrP71pStqxE9Foxh5TVnonbWpFZzXaYg==",
      "dependencies": [
        "postcss"
      ]
    },
    "postcss@8.4.38": {
      "integrity": "sha512-Wglpdk03BSfXkHoQa3b/oulrotAkwrlLDRSOb9D0bN86FdRyE9lppSp33aHNPgBa0JKCoB+drFLZkQoRRYae5A==",
      "dependencies": [
        "nanoid",
        "picocolors",
        "source-map-js"
      ]
    },
    "readdirp@3.6.0": {
      "integrity": "sha512-hOS089on8RduqdbhvQ5Z37A0ESjsqz6qnRcffsMU3495FuTdqSm+7bhJ29JvIOsBDEEnan5DPu9t3To9VRlMzA==",
      "dependencies": [
        "picomatch"
      ]
    },
    "sass@1.75.0": {
      "integrity": "sha512-ShMYi3WkrDWxExyxSZPst4/okE9ts46xZmJDSawJQrnte7M1V9fScVB+uNXOVKRBt0PggHOwoZcn8mYX4trnBw==",
      "dependencies": [
        "chokidar",
        "immutable",
        "source-map-js"
      ],
      "bin": true
    },
    "seedrandom@3.0.5": {
      "integrity": "sha512-8OwmbklUNzwezjGInmZ+2clQmExQPvomqjL7LFqOYqtmuxRgQYqOD3mHaU+MvZn5FLUeVxVfQjwLZW/n/JFuqg=="
    },
    "source-map-js@1.2.1": {
      "integrity": "sha512-UXWMKhLOwVKb728IUtQPXxfYU+usdybtUrK/8uGE8CQMvrhOpwvzDBwj0QhSL7MQc7vIsISBG8VQ8+IDQxpfQA=="
    },
    "stylehacks@6.1.1_postcss@8.4.38": {
      "integrity": "sha512-gSTTEQ670cJNoaeIp9KX6lZmm8LJ3jPB5yJmX8Zq/wQxOsAFXV3qjWzHas3YYk1qesuVIyYWWUpZ0vSE/dTSGg==",
      "dependencies": [
        "browserslist",
        "postcss",
        "postcss-selector-parser"
      ]
    },
    "svgo@3.3.2": {
      "integrity": "sha512-OoohrmuUlBs8B8o6MB2Aevn+pRIH9zDALSR+6hhqVfa6fRwG/Qw9VUMSMW9VNg2CFc/MTIfabtdOVl9ODIJjpw==",
      "dependencies": [
        "@trysound/sax",
        "commander",
        "css-select",
        "css-tree@2.3.1",
        "css-what",
        "csso",
        "picocolors"
      ],
      "bin": true
    },
    "to-regex-range@5.0.1": {
      "integrity": "sha512-65P7iz6X5yEr1cwcgvQxbbIw7Uk3gOy5dIdtZ4rDveLqhrdJP+Li/Hx6tyK0NEb+2GCyneCMJiGqrADCSNk8sQ==",
      "dependencies": [
        "is-number"
      ]
    },
    "update-browserslist-db@1.1.3_browserslist@4.24.4": {
      "integrity": "sha512-UxhIZQ+QInVdunkDAaiazvvT/+fXL5Osr0JZlJulepYu6Jd7qJtDZjlur0emRlT71EN3ScPoE7gvsuIKKNavKw==",
      "dependencies": [
        "browserslist",
        "escalade",
        "picocolors"
      ],
      "bin": true
    },
    "util-deprecate@1.0.2": {
      "integrity": "sha512-EPD5q1uXyFxJpCrLnCc1nHnq3gOa6DZBocAIiI2TaSCA7VCJ1UJDMagCzIkXNsUYfD1daK//LTEQ8xiIbrHtcw=="
    }
  },
  "workspace": {
    "dependencies": [
      "jsr:@3d/three@0.166",
      "jsr:@socali/modules@^4.4.1",
      "jsr:@spikerko/spices@^1.3.3",
      "jsr:@spikerko/tools@^1.2.3",
      "npm:seedrandom@^3.0.5"
    ]
  }
}
